
Microsoft Visual Studio Solution File, Format Version 12.00
# Visual Studio 15
VisualStudioVersion = 15.0.27703.2035
MinimumVisualStudioVersion = 10.0.40219.1
Project("{FAE04EC0-301F-11D3-BF4B-00C04F79EFBC}") = "WindowsFormsApp3", "WindowsFormsApp3\WindowsFormsApp3.csproj", "{FFF01FA9-4D57-45F4-94DD-A39EEDC059E8}"
EndProject
Global
	GlobalSection(SolutionConfigurationPlatforms) = preSolution
		Debug|Any CPU = Debug|Any CPU
		Release|Any CPU = Release|Any CPU
	EndGlobalSection
	GlobalSection(ProjectConfigurationPlatforms) = postSolution
		{FFF01FA9-4D57-45F4-94DD-A39EEDC059E8}.Debug|Any CPU.ActiveCfg = Debug|Any CPU
		{FFF01FA9-4D57-45F4-94DD-A39EEDC059E8}.Debug|Any CPU.Build.0 = Debug|Any CPU
		{FFF01FA9-4D57-45F4-94DD-A39EEDC059E8}.Release|Any CPU.ActiveCfg = Release|Any CPU
		{FFF01FA9-4D57-45F4-94DD-A39EEDC059E8}.Release|Any CPU.Build.0 = Release|Any CPU
	EndGlobalSection
	GlobalSection(SolutionProperties) = preSolution
		HideSolutionNode = FALSE
	EndGlobalSection
	GlobalSection(ExtensibilityGlobals) = postSolution
		SolutionGuid = {1BFAED26-6E8E-471D-8DA1-2A466FC4EF55}
	EndGlobalSection
EndGlobal
